{
  "version": 4,
  "terraform_version": "0.14.7",
  "serial": 104,
  "lineage": "76e17ed7-9a25-9dfb-63ac-81f24234a469",
  "outputs": {
    "kubernetes_cluster_host": {
      "value": "35.224.55.240",
      "type": "string"
    },
    "kubernetes_cluster_name": {
      "value": "cicd-istio-spinnaker-gke",
      "type": "string"
    },
    "project_id": {
      "value": "cicd-istio-spinnaker",
      "type": "string"
    },
    "region": {
      "value": "us-central1",
      "type": "string"
    }
  },
  "resources": [
    {
      "mode": "managed",
      "type": "google_compute_network",
      "name": "vpc",
      "provider": "provider[\"registry.terraform.io/hashicorp/google\"]",
      "instances": [
        {
          "schema_version": 0,
          "attributes": {
            "auto_create_subnetworks": false,
            "delete_default_routes_on_create": false,
            "description": "",
            "gateway_ipv4": "",
            "id": "projects/cicd-istio-spinnaker/global/networks/cicd-istio-spinnaker-vpc",
            "mtu": 0,
            "name": "cicd-istio-spinnaker-vpc",
            "project": "cicd-istio-spinnaker",
            "routing_mode": "REGIONAL",
            "self_link": "https://www.googleapis.com/compute/v1/projects/cicd-istio-spinnaker/global/networks/cicd-istio-spinnaker-vpc",
            "timeouts": null
          },
          "sensitive_attributes": [],
          "private": "eyJlMmJmYjczMC1lY2FhLTExZTYtOGY4OC0zNDM2M2JjN2M0YzAiOnsiY3JlYXRlIjoyNDAwMDAwMDAwMDAsImRlbGV0ZSI6MjQwMDAwMDAwMDAwLCJ1cGRhdGUiOjI0MDAwMDAwMDAwMH19"
        }
      ]
    },
    {
      "mode": "managed",
      "type": "google_compute_subnetwork",
      "name": "subnet",
      "provider": "provider[\"registry.terraform.io/hashicorp/google\"]",
      "instances": [
        {
          "schema_version": 0,
          "attributes": {
            "creation_timestamp": "2021-03-07T08:27:22.655-08:00",
            "description": "",
            "fingerprint": null,
            "gateway_address": "10.10.0.1",
            "id": "projects/cicd-istio-spinnaker/regions/us-central1/subnetworks/cicd-istio-spinnaker-subnet",
            "ip_cidr_range": "10.10.0.0/24",
            "log_config": [],
            "name": "cicd-istio-spinnaker-subnet",
            "network": "https://www.googleapis.com/compute/v1/projects/cicd-istio-spinnaker/global/networks/cicd-istio-spinnaker-vpc",
            "private_ip_google_access": false,
            "private_ipv6_google_access": "DISABLE_GOOGLE_ACCESS",
            "project": "cicd-istio-spinnaker",
            "region": "us-central1",
            "secondary_ip_range": [],
            "self_link": "https://www.googleapis.com/compute/v1/projects/cicd-istio-spinnaker/regions/us-central1/subnetworks/cicd-istio-spinnaker-subnet",
            "timeouts": null
          },
          "sensitive_attributes": [],
          "private": "eyJlMmJmYjczMC1lY2FhLTExZTYtOGY4OC0zNDM2M2JjN2M0YzAiOnsiY3JlYXRlIjozNjAwMDAwMDAwMDAsImRlbGV0ZSI6MzYwMDAwMDAwMDAwLCJ1cGRhdGUiOjM2MDAwMDAwMDAwMH19",
          "dependencies": [
            "google_compute_network.vpc"
          ]
        }
      ]
    },
    {
      "mode": "managed",
      "type": "google_container_cluster",
      "name": "primary",
      "provider": "provider[\"registry.terraform.io/hashicorp/google\"]",
      "instances": [
        {
          "schema_version": 1,
          "attributes": {
            "addons_config": [
              {
                "cloudrun_config": [],
                "horizontal_pod_autoscaling": [],
                "http_load_balancing": [],
                "network_policy_config": [
                  {
                    "disabled": true
                  }
                ]
              }
            ],
            "authenticator_groups_config": [],
            "cluster_autoscaling": [
              {
                "auto_provisioning_defaults": [],
                "enabled": false,
                "resource_limits": []
              }
            ],
            "cluster_ipv4_cidr": "10.72.0.0/14",
            "database_encryption": [
              {
                "key_name": "",
                "state": "DECRYPTED"
              }
            ],
            "default_max_pods_per_node": null,
            "description": "",
            "enable_binary_authorization": false,
            "enable_intranode_visibility": null,
            "enable_kubernetes_alpha": false,
            "enable_legacy_abac": false,
            "enable_shielded_nodes": false,
            "enable_tpu": null,
            "endpoint": "35.224.55.240",
            "id": "projects/cicd-istio-spinnaker/locations/us-central1/clusters/cicd-istio-spinnaker-gke",
            "initial_node_count": 1,
            "instance_group_urls": [],
            "ip_allocation_policy": [],
            "label_fingerprint": "a9dc16a7",
            "location": "us-central1",
            "logging_service": "logging.googleapis.com/kubernetes",
            "maintenance_policy": [],
            "master_auth": [
              {
                "client_certificate": "",
                "client_certificate_config": [
                  {
                    "issue_client_certificate": false
                  }
                ],
                "client_key": "",
                "cluster_ca_certificate": "LS0tLS1CRUdJTiBDRVJUSUZJQ0FURS0tLS0tCk1JSURLakNDQWhLZ0F3SUJBZ0lRTUs1dGhPb3VRckVKVzFLcmdEeFJYVEFOQmdrcWhraUc5dzBCQVFzRkFEQXYKTVMwd0t3WURWUVFERXlSbU9UTmtNelkwWlMwM05ESTVMVFE0WmpndFlUSmxaQzB6TVdabFl6ZG1NR1V6TURNdwpIaGNOTWpFd016QTNNVFV5TnpNMVdoY05Nall3TXpBMk1UWXlOek0xV2pBdk1TMHdLd1lEVlFRREV5Um1PVE5rCk16WTBaUzAzTkRJNUxUUTRaamd0WVRKbFpDMHpNV1psWXpkbU1HVXpNRE13Z2dFaU1BMEdDU3FHU0liM0RRRUIKQVFVQUE0SUJEd0F3Z2dFS0FvSUJBUUM5UTh4ZFJRbUg5dEI3cnZvVHlXNW13MWxzVVFSOHJKVksxeG1xTE5hWgoxZnpwSTI0cVdtTkxzWXE3MWg2Wmt4YlBVVGxUQXM5ZjcycU8veitsZk5ScUNwUitGc1RzM0VDK0E5SEV0bmk0CmI4RlRDUE1CNVcwbXFSb1Jwd3RtUGR1TFlHUVJ6bDFsZ0ZxNWs5OXJFQTFSNExTZ1FsQ0k4eU1XeHNXVHp0eXcKZWpRVWxrK2FNVkRham5kQkdzMWRUTmtUcHAxWmRvYTkyTjNjWFBQZU8xZXVpblVCWURrQUxieW5RRitmMnF0Zwp4Rm1rMVVPZ0hOa3pxOFMwblhWaENhWnNsN1BydkF6UU1QdXYxTllKcGNLWndldVM0MjZYeXUyYXJ0bjdFQ1RFCnM1M2gxcDlvSzR4TDh4ZHRYbEMrcFNBcWFGSTMxSEVZVnlYZDJIeWlvbHg5QWdNQkFBR2pRakJBTUE0R0ExVWQKRHdFQi93UUVBd0lDQkRBUEJnTlZIUk1CQWY4RUJUQURBUUgvTUIwR0ExVWREZ1FXQkJUMnNBWGd2VXY0RldGTQpKSTBWR1Y5MmlaNUlsREFOQmdrcWhraUc5dzBCQVFzRkFBT0NBUUVBQnQzNEdjOXZ1eGhuY3FZMWRyRnJUaHFyCllYZHUzbmIzUXliQWJqeUtGZnEzcVExem0wMUNsN3RyYWlhUVgvcUpySGkvMzdJbDhDUk00Vk9tRnUxQ2tNdGwKV2JMc2NOZTlGOWlZQzBwckg5eXdUVXJabENTMkpqTm1wZ01lR0xkQU03c2FZZzdkMEc4ck5sR1FROU1nVnlxSwppVmZZTW14YVNpMnAvZFJQNmhVeG1pVk1jUU12dmR5MWY4a1VZSHRNT3NKazJzN2I3bHJRRjNQa2g1ZjZlcDhHCmFPd1BDN0l0MWR3RGtjejd4QmZEVU5uSlhtY2NQM05HdU9wekNxYzZhdHk0b2lHOE5MZGRGTXZQMWp1UVFVeGcKRmgycFlnYzBlZGlYc3E3MUlsaDg0YklNQ3R6VThvUVM0akVjTHdKYlhmNW9jSG1CVTBkN09qaU5nVnQ5L2c9PQotLS0tLUVORCBDRVJUSUZJQ0FURS0tLS0tCg==",
                "password": "",
                "username": ""
              }
            ],
            "master_authorized_networks_config": [],
            "master_version": "1.18.12-gke.1210",
            "min_master_version": null,
            "monitoring_service": "monitoring.googleapis.com/kubernetes",
            "name": "cicd-istio-spinnaker-gke",
            "network": "projects/cicd-istio-spinnaker/global/networks/cicd-istio-spinnaker-vpc",
            "network_policy": [
              {
                "enabled": false,
                "provider": "PROVIDER_UNSPECIFIED"
              }
            ],
            "node_config": [],
            "node_locations": [
              "us-central1-a",
              "us-central1-c",
              "us-central1-f"
            ],
            "node_pool": [],
            "node_version": "1.18.12-gke.1210",
            "operation": null,
            "pod_security_policy_config": [],
            "private_cluster_config": [],
            "project": "cicd-istio-spinnaker",
            "release_channel": [
              {
                "channel": "REGULAR"
              }
            ],
            "remove_default_node_pool": true,
            "resource_labels": {},
            "resource_usage_export_config": [],
            "self_link": "https://container.googleapis.com/v1beta1/projects/cicd-istio-spinnaker/locations/us-central1/clusters/cicd-istio-spinnaker-gke",
            "services_ipv4_cidr": "10.75.240.0/20",
            "subnetwork": "projects/cicd-istio-spinnaker/regions/us-central1/subnetworks/cicd-istio-spinnaker-subnet",
            "timeouts": null,
            "vertical_pod_autoscaling": [],
            "workload_identity_config": []
          },
          "sensitive_attributes": [],
          "private": "eyJlMmJmYjczMC1lY2FhLTExZTYtOGY4OC0zNDM2M2JjN2M0YzAiOnsiY3JlYXRlIjoyNDAwMDAwMDAwMDAwLCJkZWxldGUiOjI0MDAwMDAwMDAwMDAsInJlYWQiOjI0MDAwMDAwMDAwMDAsInVwZGF0ZSI6MzYwMDAwMDAwMDAwMH0sInNjaGVtYV92ZXJzaW9uIjoiMSJ9",
          "dependencies": [
            "google_compute_network.vpc",
            "google_compute_subnetwork.subnet"
          ]
        }
      ]
    },
    {
      "mode": "managed",
      "type": "google_container_node_pool",
      "name": "primary_nodes",
      "provider": "provider[\"registry.terraform.io/hashicorp/google\"]",
      "instances": [
        {
          "schema_version": 1,
          "attributes": {
            "autoscaling": [],
            "cluster": "cicd-istio-spinnaker-gke",
            "id": "projects/cicd-istio-spinnaker/locations/us-central1/clusters/cicd-istio-spinnaker-gke/nodePools/cicd-istio-spinnaker-gke-node-pool",
            "initial_node_count": 1,
            "instance_group_urls": [
              "https://www.googleapis.com/compute/v1/projects/cicd-istio-spinnaker/zones/us-central1-c/instanceGroupManagers/gke-cicd-istio-spinn-cicd-istio-spinn-e62e6247-grp",
              "https://www.googleapis.com/compute/v1/projects/cicd-istio-spinnaker/zones/us-central1-a/instanceGroupManagers/gke-cicd-istio-spinn-cicd-istio-spinn-f28e590a-grp",
              "https://www.googleapis.com/compute/v1/projects/cicd-istio-spinnaker/zones/us-central1-f/instanceGroupManagers/gke-cicd-istio-spinn-cicd-istio-spinn-5ea512dc-grp"
            ],
            "location": "us-central1",
            "management": [
              {
                "auto_repair": true,
                "auto_upgrade": true
              }
            ],
            "max_pods_per_node": null,
            "name": "cicd-istio-spinnaker-gke-node-pool",
            "name_prefix": "",
            "node_config": [
              {
                "disk_size_gb": 100,
                "disk_type": "pd-standard",
                "guest_accelerator": [],
                "image_type": "COS",
                "labels": {
                  "env": "cicd-istio-spinnaker"
                },
                "local_ssd_count": 0,
                "machine_type": "n1-standard-1",
                "metadata": {
                  "disable-legacy-endpoints": "true"
                },
                "min_cpu_platform": "",
                "oauth_scopes": [
                  "https://www.googleapis.com/auth/cloud-platform",
                  "https://www.googleapis.com/auth/logging.write",
                  "https://www.googleapis.com/auth/monitoring"
                ],
                "preemptible": false,
                "service_account": "spinnaker-account@cicd-istio-spinnaker.iam.gserviceaccount.com",
                "shielded_instance_config": [
                  {
                    "enable_integrity_monitoring": true,
                    "enable_secure_boot": false
                  }
                ],
                "tags": [
                  "gke-node",
                  "cicd-istio-spinnaker-gke"
                ],
                "taint": [],
                "workload_metadata_config": []
              }
            ],
            "node_count": 1,
            "node_locations": [
              "us-central1-a",
              "us-central1-c",
              "us-central1-f"
            ],
            "project": "cicd-istio-spinnaker",
            "timeouts": null,
            "upgrade_settings": [
              {
                "max_surge": 1,
                "max_unavailable": 0
              }
            ],
            "version": "1.18.12-gke.1210"
          },
          "sensitive_attributes": [],
          "private": "eyJlMmJmYjczMC1lY2FhLTExZTYtOGY4OC0zNDM2M2JjN2M0YzAiOnsiY3JlYXRlIjoxODAwMDAwMDAwMDAwLCJkZWxldGUiOjE4MDAwMDAwMDAwMDAsInVwZGF0ZSI6MTgwMDAwMDAwMDAwMH0sInNjaGVtYV92ZXJzaW9uIjoiMSJ9",
          "dependencies": [
            "google_container_cluster.primary",
            "google_service_account.sa"
          ]
        }
      ]
    },
    {
      "mode": "managed",
      "type": "google_project_iam_binding",
      "name": "project",
      "provider": "provider[\"registry.terraform.io/hashicorp/google\"]",
      "instances": [
        {
          "schema_version": 0,
          "attributes": {
            "condition": [],
            "etag": "BwW89MvuEvc=",
            "id": "cicd-istio-spinnaker/roles/storage.admin",
            "members": [
              "serviceAccount:spinnaker-account@cicd-istio-spinnaker.iam.gserviceaccount.com"
            ],
            "project": "cicd-istio-spinnaker",
            "role": "roles/storage.admin"
          },
          "sensitive_attributes": [],
          "private": "bnVsbA==",
          "dependencies": [
            "google_project_service.project",
            "google_service_account.sa"
          ]
        }
      ]
    },
    {
      "mode": "managed",
      "type": "google_project_service",
      "name": "gcb",
      "provider": "provider[\"registry.terraform.io/hashicorp/google\"]",
      "instances": [
        {
          "schema_version": 0,
          "attributes": {
            "disable_dependent_services": true,
            "disable_on_destroy": true,
            "id": "cicd-istio-spinnaker/cloudbuild.googleapis.com",
            "project": "cicd-istio-spinnaker",
            "service": "cloudbuild.googleapis.com",
            "timeouts": null
          },
          "sensitive_attributes": [],
          "private": "eyJlMmJmYjczMC1lY2FhLTExZTYtOGY4OC0zNDM2M2JjN2M0YzAiOnsiY3JlYXRlIjoxMjAwMDAwMDAwMDAwLCJkZWxldGUiOjEyMDAwMDAwMDAwMDAsInJlYWQiOjYwMDAwMDAwMDAwMCwidXBkYXRlIjoxMjAwMDAwMDAwMDAwfX0="
        }
      ]
    },
    {
      "mode": "managed",
      "type": "google_project_service",
      "name": "gcr",
      "provider": "provider[\"registry.terraform.io/hashicorp/google\"]",
      "instances": [
        {
          "schema_version": 0,
          "attributes": {
            "disable_dependent_services": true,
            "disable_on_destroy": true,
            "id": "cicd-istio-spinnaker/containerregistry.googleapis.com",
            "project": "cicd-istio-spinnaker",
            "service": "containerregistry.googleapis.com",
            "timeouts": null
          },
          "sensitive_attributes": [],
          "private": "eyJlMmJmYjczMC1lY2FhLTExZTYtOGY4OC0zNDM2M2JjN2M0YzAiOnsiY3JlYXRlIjoxMjAwMDAwMDAwMDAwLCJkZWxldGUiOjEyMDAwMDAwMDAwMDAsInJlYWQiOjYwMDAwMDAwMDAwMCwidXBkYXRlIjoxMjAwMDAwMDAwMDAwfX0="
        }
      ]
    },
    {
      "mode": "managed",
      "type": "google_project_service",
      "name": "project",
      "provider": "provider[\"registry.terraform.io/hashicorp/google\"]",
      "instances": [
        {
          "schema_version": 0,
          "attributes": {
            "disable_dependent_services": true,
            "disable_on_destroy": true,
            "id": "cicd-istio-spinnaker/container.googleapis.com",
            "project": "cicd-istio-spinnaker",
            "service": "container.googleapis.com",
            "timeouts": null
          },
          "sensitive_attributes": [],
          "private": "eyJlMmJmYjczMC1lY2FhLTExZTYtOGY4OC0zNDM2M2JjN2M0YzAiOnsiY3JlYXRlIjoxMjAwMDAwMDAwMDAwLCJkZWxldGUiOjEyMDAwMDAwMDAwMDAsInJlYWQiOjYwMDAwMDAwMDAwMCwidXBkYXRlIjoxMjAwMDAwMDAwMDAwfX0="
        }
      ]
    },
    {
      "mode": "managed",
      "type": "google_project_service",
      "name": "repos",
      "provider": "provider[\"registry.terraform.io/hashicorp/google\"]",
      "instances": [
        {
          "schema_version": 0,
          "attributes": {
            "disable_dependent_services": true,
            "disable_on_destroy": true,
            "id": "cicd-istio-spinnaker/sourcerepo.googleapis.com",
            "project": "cicd-istio-spinnaker",
            "service": "sourcerepo.googleapis.com",
            "timeouts": null
          },
          "sensitive_attributes": [],
          "private": "eyJlMmJmYjczMC1lY2FhLTExZTYtOGY4OC0zNDM2M2JjN2M0YzAiOnsiY3JlYXRlIjoxMjAwMDAwMDAwMDAwLCJkZWxldGUiOjEyMDAwMDAwMDAwMDAsInJlYWQiOjYwMDAwMDAwMDAwMCwidXBkYXRlIjoxMjAwMDAwMDAwMDAwfX0="
        }
      ]
    },
    {
      "mode": "managed",
      "type": "google_pubsub_subscription",
      "name": "spinnaker",
      "provider": "provider[\"registry.terraform.io/hashicorp/google\"]",
      "instances": [
        {
          "schema_version": 0,
          "attributes": {
            "ack_deadline_seconds": 20,
            "dead_letter_policy": [],
            "enable_message_ordering": false,
            "expiration_policy": [
              {
                "ttl": "2678400s"
              }
            ],
            "filter": "",
            "id": "projects/cicd-istio-spinnaker/subscriptions/spinnaker-subscription",
            "labels": {},
            "message_retention_duration": "604800s",
            "name": "spinnaker-subscription",
            "path": "projects/cicd-istio-spinnaker/subscriptions/spinnaker-subscription",
            "project": "cicd-istio-spinnaker",
            "push_config": [],
            "retain_acked_messages": false,
            "retry_policy": [],
            "timeouts": null,
            "topic": "projects/cicd-istio-spinnaker/topics/spinnaker-topic"
          },
          "sensitive_attributes": [],
          "private": "eyJlMmJmYjczMC1lY2FhLTExZTYtOGY4OC0zNDM2M2JjN2M0YzAiOnsiY3JlYXRlIjozNjAwMDAwMDAwMDAsImRlbGV0ZSI6MjQwMDAwMDAwMDAwLCJ1cGRhdGUiOjM2MDAwMDAwMDAwMH19",
          "dependencies": [
            "google_pubsub_topic.spinnaker"
          ]
        }
      ]
    },
    {
      "mode": "managed",
      "type": "google_pubsub_subscription_iam_binding",
      "name": "subscriber",
      "provider": "provider[\"registry.terraform.io/hashicorp/google\"]",
      "instances": [
        {
          "schema_version": 0,
          "attributes": {
            "condition": [],
            "etag": "BwW89Muz/VU=",
            "id": "projects/cicd-istio-spinnaker/subscriptions/spinnaker-subscription/roles/pubsub.subscriber",
            "members": [
              "serviceAccount:spinnaker-account@cicd-istio-spinnaker.iam.gserviceaccount.com"
            ],
            "project": null,
            "role": "roles/pubsub.subscriber",
            "subscription": "spinnaker-subscription"
          },
          "sensitive_attributes": [],
          "private": "bnVsbA==",
          "dependencies": [
            "google_project_service.project",
            "google_pubsub_subscription.spinnaker",
            "google_pubsub_topic.spinnaker",
            "google_service_account.sa"
          ]
        }
      ]
    },
    {
      "mode": "managed",
      "type": "google_pubsub_topic",
      "name": "spinnaker",
      "provider": "provider[\"registry.terraform.io/hashicorp/google\"]",
      "instances": [
        {
          "schema_version": 0,
          "attributes": {
            "id": "projects/cicd-istio-spinnaker/topics/spinnaker-topic",
            "kms_key_name": "",
            "labels": {},
            "message_storage_policy": [],
            "name": "spinnaker-topic",
            "project": "cicd-istio-spinnaker",
            "timeouts": null
          },
          "sensitive_attributes": [],
          "private": "eyJlMmJmYjczMC1lY2FhLTExZTYtOGY4OC0zNDM2M2JjN2M0YzAiOnsiY3JlYXRlIjozNjAwMDAwMDAwMDAsImRlbGV0ZSI6MjQwMDAwMDAwMDAwLCJ1cGRhdGUiOjM2MDAwMDAwMDAwMH19"
        }
      ]
    },
    {
      "mode": "managed",
      "type": "google_service_account",
      "name": "sa",
      "provider": "provider[\"registry.terraform.io/hashicorp/google\"]",
      "instances": [
        {
          "schema_version": 0,
          "attributes": {
            "account_id": "spinnaker-account",
            "description": "",
            "display_name": "spinnaker-account",
            "email": "spinnaker-account@cicd-istio-spinnaker.iam.gserviceaccount.com",
            "id": "projects/cicd-istio-spinnaker/serviceAccounts/spinnaker-account@cicd-istio-spinnaker.iam.gserviceaccount.com",
            "name": "projects/cicd-istio-spinnaker/serviceAccounts/spinnaker-account@cicd-istio-spinnaker.iam.gserviceaccount.com",
            "project": "cicd-istio-spinnaker",
            "timeouts": null,
            "unique_id": "114046972220866606805"
          },
          "sensitive_attributes": [],
          "private": "eyJlMmJmYjczMC1lY2FhLTExZTYtOGY4OC0zNDM2M2JjN2M0YzAiOnsiY3JlYXRlIjozMDAwMDAwMDAwMDB9fQ==",
          "dependencies": [
            "google_project_service.project"
          ]
        }
      ]
    },
    {
      "mode": "managed",
      "type": "google_storage_bucket",
      "name": "manifests",
      "provider": "provider[\"registry.terraform.io/hashicorp/google\"]",
      "instances": [
        {
          "schema_version": 0,
          "attributes": {
            "bucket_policy_only": false,
            "cors": [],
            "default_event_based_hold": false,
            "encryption": [],
            "force_destroy": true,
            "id": "cicd-istio-spinnaker-kubernetes-manifests",
            "labels": {},
            "lifecycle_rule": [],
            "location": "US-CENTRAL1",
            "logging": [],
            "name": "cicd-istio-spinnaker-kubernetes-manifests",
            "project": "cicd-istio-spinnaker",
            "requester_pays": false,
            "retention_policy": [],
            "self_link": "https://www.googleapis.com/storage/v1/b/cicd-istio-spinnaker-kubernetes-manifests",
            "storage_class": "STANDARD",
            "uniform_bucket_level_access": false,
            "url": "gs://cicd-istio-spinnaker-kubernetes-manifests",
            "versioning": [],
            "website": []
          },
          "sensitive_attributes": [],
          "private": "bnVsbA=="
        }
      ]
    },
    {
      "mode": "managed",
      "type": "google_storage_bucket",
      "name": "static-site",
      "provider": "provider[\"registry.terraform.io/hashicorp/google\"]",
      "instances": [
        {
          "schema_version": 0,
          "attributes": {
            "bucket_policy_only": false,
            "cors": [],
            "default_event_based_hold": false,
            "encryption": [],
            "force_destroy": true,
            "id": "cicd-istio-spinnaker-spinnaker-config",
            "labels": {},
            "lifecycle_rule": [],
            "location": "US-CENTRAL1",
            "logging": [],
            "name": "cicd-istio-spinnaker-spinnaker-config",
            "project": "cicd-istio-spinnaker",
            "requester_pays": false,
            "retention_policy": [],
            "self_link": "https://www.googleapis.com/storage/v1/b/cicd-istio-spinnaker-spinnaker-config",
            "storage_class": "STANDARD",
            "uniform_bucket_level_access": false,
            "url": "gs://cicd-istio-spinnaker-spinnaker-config",
            "versioning": [],
            "website": []
          },
          "sensitive_attributes": [],
          "private": "bnVsbA=="
        }
      ]
    }
  ]
}
