{
  "version": 4,
  "terraform_version": "0.14.7",
  "serial": 59,
  "lineage": "76e17ed7-9a25-9dfb-63ac-81f24234a469",
  "outputs": {},
  "resources": [
    {
      "mode": "managed",
      "type": "google_storage_bucket",
      "name": "static-site",
      "provider": "provider[\"registry.terraform.io/hashicorp/google\"]",
      "instances": [
        {
          "schema_version": 0,
          "attributes": {
            "bucket_policy_only": false,
            "cors": [],
            "default_event_based_hold": false,
            "encryption": [],
            "force_destroy": false,
            "id": "cicd-istio-spinnaker-spinnaker-config",
            "labels": null,
            "lifecycle_rule": [],
            "location": "US-CENTRAL1",
            "logging": [],
            "name": "cicd-istio-spinnaker-spinnaker-config",
            "project": "cicd-istio-spinnaker",
            "requester_pays": false,
            "retention_policy": [],
            "self_link": "https://www.googleapis.com/storage/v1/b/cicd-istio-spinnaker-spinnaker-config",
            "storage_class": "STANDARD",
            "uniform_bucket_level_access": false,
            "url": "gs://cicd-istio-spinnaker-spinnaker-config",
            "versioning": [],
            "website": []
          },
          "sensitive_attributes": []
        }
      ]
    }
  ]
}
