{
  "version": 4,
  "terraform_version": "0.14.7",
  "serial": 48,
  "lineage": "76e17ed7-9a25-9dfb-63ac-81f24234a469",
  "outputs": {
    "kubernetes_cluster_host": {
      "value": "35.222.105.184",
      "type": "string"
    },
    "kubernetes_cluster_name": {
      "value": "cicd-istio-spinnaker-gke",
      "type": "string"
    },
    "project_id": {
      "value": "cicd-istio-spinnaker",
      "type": "string"
    },
    "region": {
      "value": "us-central1",
      "type": "string"
    }
  },
  "resources": [
    {
      "mode": "managed",
      "type": "google_compute_network",
      "name": "vpc",
      "provider": "provider[\"registry.terraform.io/hashicorp/google\"]",
      "instances": [
        {
          "schema_version": 0,
          "attributes": {
            "auto_create_subnetworks": false,
            "delete_default_routes_on_create": false,
            "description": "",
            "gateway_ipv4": "",
            "id": "projects/cicd-istio-spinnaker/global/networks/cicd-istio-spinnaker-vpc",
            "mtu": 0,
            "name": "cicd-istio-spinnaker-vpc",
            "project": "cicd-istio-spinnaker",
            "routing_mode": "REGIONAL",
            "self_link": "https://www.googleapis.com/compute/v1/projects/cicd-istio-spinnaker/global/networks/cicd-istio-spinnaker-vpc",
            "timeouts": null
          },
          "sensitive_attributes": [],
          "private": "eyJlMmJmYjczMC1lY2FhLTExZTYtOGY4OC0zNDM2M2JjN2M0YzAiOnsiY3JlYXRlIjoyNDAwMDAwMDAwMDAsImRlbGV0ZSI6MjQwMDAwMDAwMDAwLCJ1cGRhdGUiOjI0MDAwMDAwMDAwMH19"
        }
      ]
    },
    {
      "mode": "managed",
      "type": "google_compute_subnetwork",
      "name": "subnet",
      "provider": "provider[\"registry.terraform.io/hashicorp/google\"]",
      "instances": [
        {
          "schema_version": 0,
          "attributes": {
            "creation_timestamp": "2021-03-06T07:55:07.274-08:00",
            "description": "",
            "fingerprint": null,
            "gateway_address": "10.10.0.1",
            "id": "projects/cicd-istio-spinnaker/regions/us-central1/subnetworks/cicd-istio-spinnaker-subnet",
            "ip_cidr_range": "10.10.0.0/24",
            "log_config": [],
            "name": "cicd-istio-spinnaker-subnet",
            "network": "https://www.googleapis.com/compute/v1/projects/cicd-istio-spinnaker/global/networks/cicd-istio-spinnaker-vpc",
            "private_ip_google_access": false,
            "private_ipv6_google_access": "DISABLE_GOOGLE_ACCESS",
            "project": "cicd-istio-spinnaker",
            "region": "us-central1",
            "secondary_ip_range": [],
            "self_link": "https://www.googleapis.com/compute/v1/projects/cicd-istio-spinnaker/regions/us-central1/subnetworks/cicd-istio-spinnaker-subnet",
            "timeouts": null
          },
          "sensitive_attributes": [],
          "private": "eyJlMmJmYjczMC1lY2FhLTExZTYtOGY4OC0zNDM2M2JjN2M0YzAiOnsiY3JlYXRlIjozNjAwMDAwMDAwMDAsImRlbGV0ZSI6MzYwMDAwMDAwMDAwLCJ1cGRhdGUiOjM2MDAwMDAwMDAwMH19",
          "dependencies": [
            "google_compute_network.vpc"
          ]
        }
      ]
    },
    {
      "mode": "managed",
      "type": "google_container_cluster",
      "name": "primary",
      "provider": "provider[\"registry.terraform.io/hashicorp/google\"]",
      "instances": [
        {
          "schema_version": 1,
          "attributes": {
            "addons_config": [
              {
                "cloudrun_config": [],
                "horizontal_pod_autoscaling": [],
                "http_load_balancing": [],
                "network_policy_config": [
                  {
                    "disabled": true
                  }
                ]
              }
            ],
            "authenticator_groups_config": [],
            "cluster_autoscaling": [
              {
                "auto_provisioning_defaults": [],
                "enabled": false,
                "resource_limits": []
              }
            ],
            "cluster_ipv4_cidr": "10.72.0.0/14",
            "database_encryption": [
              {
                "key_name": "",
                "state": "DECRYPTED"
              }
            ],
            "default_max_pods_per_node": null,
            "description": "",
            "enable_binary_authorization": false,
            "enable_intranode_visibility": null,
            "enable_kubernetes_alpha": false,
            "enable_legacy_abac": false,
            "enable_shielded_nodes": false,
            "enable_tpu": null,
            "endpoint": "35.222.105.184",
            "id": "projects/cicd-istio-spinnaker/locations/us-central1/clusters/cicd-istio-spinnaker-gke",
            "initial_node_count": 1,
            "instance_group_urls": [],
            "ip_allocation_policy": [],
            "label_fingerprint": "a9dc16a7",
            "location": "us-central1",
            "logging_service": "logging.googleapis.com/kubernetes",
            "maintenance_policy": [],
            "master_auth": [
              {
                "client_certificate": "",
                "client_certificate_config": [
                  {
                    "issue_client_certificate": false
                  }
                ],
                "client_key": "",
                "cluster_ca_certificate": "LS0tLS1CRUdJTiBDRVJUSUZJQ0FURS0tLS0tCk1JSURLekNDQWhPZ0F3SUJBZ0lSQUt1eWg3Z3FlUDFsNWhHd3dUcm9FNGt3RFFZSktvWklodmNOQVFFTEJRQXcKTHpFdE1Dc0dBMVVFQXhNa1pEVXpPREl3TlRBdFpHWmlOUzAwWVdOaUxUZ3dOV010T1dFMU5qSTVZek0wTUdVNApNQjRYRFRJeE1ETXdOakUwTlRVek1Gb1hEVEkyTURNd05URTFOVFV6TUZvd0x6RXRNQ3NHQTFVRUF4TWtaRFV6Ck9ESXdOVEF0WkdaaU5TMDBZV05pTFRnd05XTXRPV0UxTmpJNVl6TTBNR1U0TUlJQklqQU5CZ2txaGtpRzl3MEIKQVFFRkFBT0NBUThBTUlJQkNnS0NBUUVBam05ekQzRkNWcnBISmw4K0JYR3FlRExpM0dDTGNubW82OUtEV2kvVAo0cWtyelErUEQ4SndweUZLNnRWUU12cFhxUmtUUXF5MGlPZWhIVlkxRi81OWxlTGhIaFVpZVJka1hWSitDZkxzCmtVUGVRb3M0VGNGSE1FTjFPVWF3TlJuNmVWaDJxZ2RlU2xlME5mK3JKdTEzVzd5WEtFbE1GbTBabFZucDl0R1oKMy8ySFp6N1M4YXM4V1dLL2ErSlJUUThkMDlJRzFlTVNIYnBWeElKZWMwK0I2cTFFKzR3eHZQR1JwUEgyVEVobgpBYVQ4WlI3QlE2cVI4K2NwNkt4b0RqemtrV1k5dFRtMUh0VFFQRzFYUksyekk2Y3ZybXBvVWdFUmR0b3dWMk1TCjV3Q1ppaExEclVLQ2lLQy95NzFFeDVwYlFPRW1yT1dtb2pFVmVqVEN1Z0xzcVFJREFRQUJvMEl3UURBT0JnTlYKSFE4QkFmOEVCQU1DQWdRd0R3WURWUjBUQVFIL0JBVXdBd0VCL3pBZEJnTlZIUTRFRmdRVWdFYVYrdG82VUsxKwoycEtjei9oYW1OM3QxdlV3RFFZSktvWklodmNOQVFFTEJRQURnZ0VCQUJGSEdibnBNdWhDczV4M0wzaEMrZDF1CnQyUUJjdjMvdWR0Yjc0RHYzS0wrK0FRc0gvcjBENUptbHRaMVZWdnpzN2RnMExJYkh4a2R0QWN5bW93ZVV5Vm8KKzdQUE9hd0NJLzdxMUJVTVhCZGU1cFg2WDQ0NEZmZ2tCMWJNN2FtdnhvYkIwTTl1eWsrUDdmZWZCcTlqbTRzLwo5YUVvaE1iKy92aC9QbEdvaFlOeGlJazB6cmZtalBEczAzY1JoSHpJWHNTZkN1R1dCNkhrVTJPcUNYcEF5bHdRCmlXUFpLdlpFMmlmTGNPcWRVWGIwcmZuMWdvL0xQeGNxdkI0TjBCcXh3YldJVDc1ZENLTFN2TnJsd1J4bFVYaWIKZ3o3UjVtb1lmNk8wVVNNQitTMkw0YU1HSXd3cmNlZzI4dk91VHVibERoeWxoOE9OUklDM255S3FnOE84KzdRPQotLS0tLUVORCBDRVJUSUZJQ0FURS0tLS0tCg==",
                "password": "",
                "username": ""
              }
            ],
            "master_authorized_networks_config": [],
            "master_version": "1.18.12-gke.1210",
            "min_master_version": null,
            "monitoring_service": "monitoring.googleapis.com/kubernetes",
            "name": "cicd-istio-spinnaker-gke",
            "network": "projects/cicd-istio-spinnaker/global/networks/cicd-istio-spinnaker-vpc",
            "network_policy": [
              {
                "enabled": false,
                "provider": "PROVIDER_UNSPECIFIED"
              }
            ],
            "node_config": [],
            "node_locations": [
              "us-central1-a",
              "us-central1-b",
              "us-central1-c"
            ],
            "node_pool": [],
            "node_version": "1.18.12-gke.1210",
            "operation": null,
            "pod_security_policy_config": [],
            "private_cluster_config": [],
            "project": "cicd-istio-spinnaker",
            "release_channel": [
              {
                "channel": "REGULAR"
              }
            ],
            "remove_default_node_pool": true,
            "resource_labels": null,
            "resource_usage_export_config": [],
            "self_link": "https://container.googleapis.com/v1beta1/projects/cicd-istio-spinnaker/locations/us-central1/clusters/cicd-istio-spinnaker-gke",
            "services_ipv4_cidr": "10.75.240.0/20",
            "subnetwork": "projects/cicd-istio-spinnaker/regions/us-central1/subnetworks/cicd-istio-spinnaker-subnet",
            "timeouts": null,
            "vertical_pod_autoscaling": [],
            "workload_identity_config": []
          },
          "sensitive_attributes": [],
          "private": "eyJlMmJmYjczMC1lY2FhLTExZTYtOGY4OC0zNDM2M2JjN2M0YzAiOnsiY3JlYXRlIjoyNDAwMDAwMDAwMDAwLCJkZWxldGUiOjI0MDAwMDAwMDAwMDAsInJlYWQiOjI0MDAwMDAwMDAwMDAsInVwZGF0ZSI6MzYwMDAwMDAwMDAwMH0sInNjaGVtYV92ZXJzaW9uIjoiMSJ9",
          "dependencies": [
            "google_compute_network.vpc",
            "google_compute_subnetwork.subnet"
          ]
        }
      ]
    },
    {
      "mode": "managed",
      "type": "google_container_node_pool",
      "name": "primary_nodes",
      "provider": "provider[\"registry.terraform.io/hashicorp/google\"]",
      "instances": [
        {
          "schema_version": 1,
          "attributes": {
            "autoscaling": [],
            "cluster": "cicd-istio-spinnaker-gke",
            "id": "projects/cicd-istio-spinnaker/locations/us-central1/clusters/cicd-istio-spinnaker-gke/nodePools/cicd-istio-spinnaker-gke-node-pool",
            "initial_node_count": 2,
            "instance_group_urls": [
              "https://www.googleapis.com/compute/v1/projects/cicd-istio-spinnaker/zones/us-central1-a/instanceGroupManagers/gke-cicd-istio-spinn-cicd-istio-spinn-328175c7-grp",
              "https://www.googleapis.com/compute/v1/projects/cicd-istio-spinnaker/zones/us-central1-c/instanceGroupManagers/gke-cicd-istio-spinn-cicd-istio-spinn-9dccae37-grp",
              "https://www.googleapis.com/compute/v1/projects/cicd-istio-spinnaker/zones/us-central1-b/instanceGroupManagers/gke-cicd-istio-spinn-cicd-istio-spinn-e8482b47-grp"
            ],
            "location": "us-central1",
            "management": [
              {
                "auto_repair": true,
                "auto_upgrade": true
              }
            ],
            "max_pods_per_node": null,
            "name": "cicd-istio-spinnaker-gke-node-pool",
            "name_prefix": "",
            "node_config": [
              {
                "disk_size_gb": 100,
                "disk_type": "pd-standard",
                "guest_accelerator": [],
                "image_type": "COS",
                "labels": {
                  "env": "cicd-istio-spinnaker"
                },
                "local_ssd_count": 0,
                "machine_type": "n1-standard-1",
                "metadata": {
                  "disable-legacy-endpoints": "true"
                },
                "min_cpu_platform": "",
                "oauth_scopes": [
                  "https://www.googleapis.com/auth/logging.write",
                  "https://www.googleapis.com/auth/monitoring"
                ],
                "preemptible": false,
                "service_account": "default",
                "shielded_instance_config": [
                  {
                    "enable_integrity_monitoring": true,
                    "enable_secure_boot": false
                  }
                ],
                "tags": [
                  "gke-node",
                  "cicd-istio-spinnaker-gke"
                ],
                "taint": [],
                "workload_metadata_config": []
              }
            ],
            "node_count": 2,
            "node_locations": [
              "us-central1-a",
              "us-central1-b",
              "us-central1-c"
            ],
            "project": "cicd-istio-spinnaker",
            "timeouts": null,
            "upgrade_settings": [
              {
                "max_surge": 1,
                "max_unavailable": 0
              }
            ],
            "version": "1.18.12-gke.1210"
          },
          "sensitive_attributes": [],
          "private": "eyJlMmJmYjczMC1lY2FhLTExZTYtOGY4OC0zNDM2M2JjN2M0YzAiOnsiY3JlYXRlIjoxODAwMDAwMDAwMDAwLCJkZWxldGUiOjE4MDAwMDAwMDAwMDAsInVwZGF0ZSI6MTgwMDAwMDAwMDAwMH0sInNjaGVtYV92ZXJzaW9uIjoiMSJ9",
          "dependencies": [
            "google_compute_network.vpc",
            "google_compute_subnetwork.subnet",
            "google_container_cluster.primary"
          ]
        }
      ]
    },
    {
      "mode": "managed",
      "type": "google_project_iam_binding",
      "name": "project",
      "provider": "provider[\"registry.terraform.io/hashicorp/google\"]",
      "instances": [
        {
          "schema_version": 0,
          "attributes": {
            "condition": [],
            "etag": "BwW84DrHRCI=",
            "id": "cicd-istio-spinnaker/roles/storage.admin",
            "members": [
              "serviceAccount:spinnaker-account@cicd-istio-spinnaker.iam.gserviceaccount.com"
            ],
            "project": "cicd-istio-spinnaker",
            "role": "roles/storage.admin"
          },
          "sensitive_attributes": [],
          "private": "bnVsbA==",
          "dependencies": [
            "google_project_service.project",
            "google_service_account.sa"
          ]
        }
      ]
    },
    {
      "mode": "managed",
      "type": "google_project_service",
      "name": "project",
      "provider": "provider[\"registry.terraform.io/hashicorp/google\"]",
      "instances": [
        {
          "schema_version": 0,
          "attributes": {
            "disable_dependent_services": true,
            "disable_on_destroy": true,
            "id": "cicd-istio-spinnaker/container.googleapis.com",
            "project": "cicd-istio-spinnaker",
            "service": "container.googleapis.com",
            "timeouts": null
          },
          "sensitive_attributes": [],
          "private": "eyJlMmJmYjczMC1lY2FhLTExZTYtOGY4OC0zNDM2M2JjN2M0YzAiOnsiY3JlYXRlIjoxMjAwMDAwMDAwMDAwLCJkZWxldGUiOjEyMDAwMDAwMDAwMDAsInJlYWQiOjYwMDAwMDAwMDAwMCwidXBkYXRlIjoxMjAwMDAwMDAwMDAwfX0="
        }
      ]
    },
    {
      "mode": "managed",
      "type": "google_pubsub_subscription",
      "name": "spinnaker",
      "provider": "provider[\"registry.terraform.io/hashicorp/google\"]",
      "instances": [
        {
          "schema_version": 0,
          "attributes": {
            "ack_deadline_seconds": 20,
            "dead_letter_policy": [],
            "enable_message_ordering": false,
            "expiration_policy": [
              {
                "ttl": "2678400s"
              }
            ],
            "filter": "",
            "id": "projects/cicd-istio-spinnaker/subscriptions/spinnaker-subscription",
            "labels": null,
            "message_retention_duration": "604800s",
            "name": "spinnaker-subscription",
            "path": "projects//subscriptions/spinnaker-subscription",
            "project": "cicd-istio-spinnaker",
            "push_config": [],
            "retain_acked_messages": false,
            "retry_policy": [],
            "timeouts": null,
            "topic": "projects/cicd-istio-spinnaker/topics/spinnaker-topic"
          },
          "sensitive_attributes": [],
          "private": "eyJlMmJmYjczMC1lY2FhLTExZTYtOGY4OC0zNDM2M2JjN2M0YzAiOnsiY3JlYXRlIjozNjAwMDAwMDAwMDAsImRlbGV0ZSI6MjQwMDAwMDAwMDAwLCJ1cGRhdGUiOjM2MDAwMDAwMDAwMH19",
          "dependencies": [
            "google_pubsub_topic.spinnaker"
          ]
        }
      ]
    },
    {
      "mode": "managed",
      "type": "google_pubsub_subscription_iam_binding",
      "name": "subscriber",
      "provider": "provider[\"registry.terraform.io/hashicorp/google\"]",
      "instances": [
        {
          "schema_version": 0,
          "attributes": {
            "condition": [],
            "etag": "BwW84DqODss=",
            "id": "projects/cicd-istio-spinnaker/subscriptions/spinnaker-subscription/roles/pubsub.subscriber",
            "members": [
              "serviceAccount:spinnaker-account@cicd-istio-spinnaker.iam.gserviceaccount.com"
            ],
            "project": null,
            "role": "roles/pubsub.subscriber",
            "subscription": "spinnaker-subscription"
          },
          "sensitive_attributes": [],
          "private": "bnVsbA==",
          "dependencies": [
            "google_project_service.project",
            "google_pubsub_subscription.spinnaker",
            "google_pubsub_topic.spinnaker",
            "google_service_account.sa"
          ]
        }
      ]
    },
    {
      "mode": "managed",
      "type": "google_pubsub_topic",
      "name": "spinnaker",
      "provider": "provider[\"registry.terraform.io/hashicorp/google\"]",
      "instances": [
        {
          "schema_version": 0,
          "attributes": {
            "id": "projects/cicd-istio-spinnaker/topics/spinnaker-topic",
            "kms_key_name": "",
            "labels": null,
            "message_storage_policy": [],
            "name": "spinnaker-topic",
            "project": "cicd-istio-spinnaker",
            "timeouts": null
          },
          "sensitive_attributes": [],
          "private": "eyJlMmJmYjczMC1lY2FhLTExZTYtOGY4OC0zNDM2M2JjN2M0YzAiOnsiY3JlYXRlIjozNjAwMDAwMDAwMDAsImRlbGV0ZSI6MjQwMDAwMDAwMDAwLCJ1cGRhdGUiOjM2MDAwMDAwMDAwMH19"
        }
      ]
    },
    {
      "mode": "managed",
      "type": "google_service_account",
      "name": "sa",
      "provider": "provider[\"registry.terraform.io/hashicorp/google\"]",
      "instances": [
        {
          "schema_version": 0,
          "attributes": {
            "account_id": "spinnaker-account",
            "description": "",
            "display_name": "spinnaker-account",
            "email": "spinnaker-account@cicd-istio-spinnaker.iam.gserviceaccount.com",
            "id": "projects/cicd-istio-spinnaker/serviceAccounts/spinnaker-account@cicd-istio-spinnaker.iam.gserviceaccount.com",
            "name": "projects/cicd-istio-spinnaker/serviceAccounts/spinnaker-account@cicd-istio-spinnaker.iam.gserviceaccount.com",
            "project": "cicd-istio-spinnaker",
            "timeouts": null,
            "unique_id": "100538616212772253378"
          },
          "sensitive_attributes": [],
          "private": "eyJlMmJmYjczMC1lY2FhLTExZTYtOGY4OC0zNDM2M2JjN2M0YzAiOnsiY3JlYXRlIjozMDAwMDAwMDAwMDB9fQ==",
          "dependencies": [
            "google_project_service.project"
          ]
        }
      ]
    },
    {
      "mode": "managed",
      "type": "google_storage_bucket",
      "name": "static-site",
      "provider": "provider[\"registry.terraform.io/hashicorp/google\"]",
      "instances": [
        {
          "schema_version": 0,
          "attributes": {
            "bucket_policy_only": false,
            "cors": [],
            "default_event_based_hold": false,
            "encryption": [],
            "force_destroy": false,
            "id": "cicd-istio-spinnaker-spinnaker-config",
            "labels": null,
            "lifecycle_rule": [],
            "location": "US-CENTRAL1",
            "logging": [],
            "name": "cicd-istio-spinnaker-spinnaker-config",
            "project": "cicd-istio-spinnaker",
            "requester_pays": false,
            "retention_policy": [],
            "self_link": "https://www.googleapis.com/storage/v1/b/cicd-istio-spinnaker-spinnaker-config",
            "storage_class": "STANDARD",
            "uniform_bucket_level_access": false,
            "url": "gs://cicd-istio-spinnaker-spinnaker-config",
            "versioning": [],
            "website": []
          },
          "sensitive_attributes": [],
          "private": "bnVsbA=="
        }
      ]
    }
  ]
}
